// !$*UTF8*$!
{
	archiveVersion = 1;
	classes = {
	};
	objectVersion = 56;
	objects = {

/* Begin PBXBuildFile section */
		A10000010000000000000001 /* TandemEMTApp.swift in Sources */ = {isa = PBXBuildFile; fileRef = A20000010000000000000001 /* TandemEMTApp.swift */; };
		A10000010000000000000002 /* ContentView.swift in Sources */ = {isa = PBXBuildFile; fileRef = A20000010000000000000002 /* ContentView.swift */; };
		A10000010000000000000003 /* AppRouter.swift in Sources */ = {isa = PBXBuildFile; fileRef = A20000010000000000000003 /* AppRouter.swift */; };
		A10000010000000000000004 /* APIClient.swift in Sources */ = {isa = PBXBuildFile; fileRef = A20000010000000000000004 /* APIClient.swift */; };
		A10000010000000000000005 /* Assets.xcassets in Resources */ = {isa = PBXBuildFile; fileRef = A20000010000000000000005 /* Assets.xcassets */; };
		A10000010000000000000010 /* TandemEMTTests.swift in Sources */ = {isa = PBXBuildFile; fileRef = A20000010000000000000010 /* TandemEMTTests.swift */; };
		A10000010000000000000020 /* TandemEMTUITests.swift in Sources */ = {isa = PBXBuildFile; fileRef = A20000010000000000000020 /* TandemEMTUITests.swift */; };
		A10000010000000000000101 /* IncidentModels.swift in Sources */ = {isa = PBXBuildFile; fileRef = A20000010000000000000101 /* IncidentModels.swift */; };
		A10000010000000000000102 /* IncidentRepository.swift in Sources */ = {isa = PBXBuildFile; fileRef = A20000010000000000000102 /* IncidentRepository.swift */; };
		A10000010000000000000103 /* IncidentListViewModel.swift in Sources */ = {isa = PBXBuildFile; fileRef = A20000010000000000000103 /* IncidentListViewModel.swift */; };
		A10000010000000000000104 /* FilterChipView.swift in Sources */ = {isa = PBXBuildFile; fileRef = A20000010000000000000104 /* FilterChipView.swift */; };
		A10000010000000000000105 /* IncidentCardView.swift in Sources */ = {isa = PBXBuildFile; fileRef = A20000010000000000000105 /* IncidentCardView.swift */; };
		A10000010000000000000106 /* IncidentListView.swift in Sources */ = {isa = PBXBuildFile; fileRef = A20000010000000000000106 /* IncidentListView.swift */; };
		A10000010000000000000107 /* AppColors.swift in Sources */ = {isa = PBXBuildFile; fileRef = A20000010000000000000107 /* AppColors.swift */; };
		A10000010000000000000110 /* IncidentListViewModelTests.swift in Sources */ = {isa = PBXBuildFile; fileRef = A20000010000000000000110 /* IncidentListViewModelTests.swift */; };
		A10000010000000000000120 /* IncidentListUITests.swift in Sources */ = {isa = PBXBuildFile; fileRef = A20000010000000000000120 /* IncidentListUITests.swift */; };
/* End PBXBuildFile section */

/* Begin PBXContainerItemProxy section */
		A30000010000000000000001 /* PBXContainerItemProxy */ = {
			isa = PBXContainerItemProxy;
			containerPortal = A40000010000000000000001 /* Project object */;
			proxyType = 1;
			remoteGlobalIDString = A50000010000000000000001;
			remoteInfo = TandemEMT;
		};
		A30000010000000000000002 /* PBXContainerItemProxy */ = {
			isa = PBXContainerItemProxy;
			containerPortal = A40000010000000000000001 /* Project object */;
			proxyType = 1;
			remoteGlobalIDString = A50000010000000000000001;
			remoteInfo = TandemEMT;
		};
/* End PBXContainerItemProxy section */

/* Begin PBXFileReference section */
		A20000010000000000000001 /* TandemEMTApp.swift */ = {isa = PBXFileReference; lastKnownFileType = sourcecode.swift; path = TandemEMTApp.swift; sourceTree = "<group>"; };
		A20000010000000000000002 /* ContentView.swift */ = {isa = PBXFileReference; lastKnownFileType = sourcecode.swift; path = ContentView.swift; sourceTree = "<group>"; };
		A20000010000000000000003 /* AppRouter.swift */ = {isa = PBXFileReference; lastKnownFileType = sourcecode.swift; path = AppRouter.swift; sourceTree = "<group>"; };
		A20000010000000000000004 /* APIClient.swift */ = {isa = PBXFileReference; lastKnownFileType = sourcecode.swift; path = APIClient.swift; sourceTree = "<group>"; };
		A20000010000000000000005 /* Assets.xcassets */ = {isa = PBXFileReference; lastKnownFileType = folder.assetcatalog; path = Assets.xcassets; sourceTree = "<group>"; };
		A20000010000000000000006 /* Info.plist */ = {isa = PBXFileReference; lastKnownFileType = text.plist.xml; path = Info.plist; sourceTree = "<group>"; };
		A20000010000000000000010 /* TandemEMTTests.swift */ = {isa = PBXFileReference; lastKnownFileType = sourcecode.swift; path = TandemEMTTests.swift; sourceTree = "<group>"; };
		A20000010000000000000011 /* Info.plist */ = {isa = PBXFileReference; lastKnownFileType = text.plist.xml; path = Info.plist; sourceTree = "<group>"; };
		A20000010000000000000020 /* TandemEMTUITests.swift */ = {isa = PBXFileReference; lastKnownFileType = sourcecode.swift; path = TandemEMTUITests.swift; sourceTree = "<group>"; };
		A20000010000000000000021 /* Info.plist */ = {isa = PBXFileReference; lastKnownFileType = text.plist.xml; path = Info.plist; sourceTree = "<group>"; };
		A20000010000000000000101 /* IncidentModels.swift */ = {isa = PBXFileReference; lastKnownFileType = sourcecode.swift; path = IncidentModels.swift; sourceTree = "<group>"; };
		A20000010000000000000102 /* IncidentRepository.swift */ = {isa = PBXFileReference; lastKnownFileType = sourcecode.swift; path = IncidentRepository.swift; sourceTree = "<group>"; };
		A20000010000000000000103 /* IncidentListViewModel.swift */ = {isa = PBXFileReference; lastKnownFileType = sourcecode.swift; path = IncidentListViewModel.swift; sourceTree = "<group>"; };
		A20000010000000000000104 /* FilterChipView.swift */ = {isa = PBXFileReference; lastKnownFileType = sourcecode.swift; path = FilterChipView.swift; sourceTree = "<group>"; };
		A20000010000000000000105 /* IncidentCardView.swift */ = {isa = PBXFileReference; lastKnownFileType = sourcecode.swift; path = IncidentCardView.swift; sourceTree = "<group>"; };
		A20000010000000000000106 /* IncidentListView.swift */ = {isa = PBXFileReference; lastKnownFileType = sourcecode.swift; path = IncidentListView.swift; sourceTree = "<group>"; };
		A20000010000000000000107 /* AppColors.swift */ = {isa = PBXFileReference; lastKnownFileType = sourcecode.swift; path = AppColors.swift; sourceTree = "<group>"; };
		A20000010000000000000110 /* IncidentListViewModelTests.swift */ = {isa = PBXFileReference; lastKnownFileType = sourcecode.swift; path = IncidentListViewModelTests.swift; sourceTree = "<group>"; };
		A20000010000000000000120 /* IncidentListUITests.swift */ = {isa = PBXFileReference; lastKnownFileType = sourcecode.swift; path = IncidentListUITests.swift; sourceTree = "<group>"; };
		A60000010000000000000001 /* TandemEMT.app */ = {isa = PBXFileReference; explicitFileType = wrapper.application; includeInIndex = 0; path = TandemEMT.app; sourceTree = BUILT_PRODUCTS_DIR; };
		A60000010000000000000002 /* TandemEMTTests.xctest */ = {isa = PBXFileReference; explicitFileType = wrapper.cfbundle; includeInIndex = 0; path = TandemEMTTests.xctest; sourceTree = BUILT_PRODUCTS_DIR; };
		A60000010000000000000003 /* TandemEMTUITests.xctest */ = {isa = PBXFileReference; explicitFileType = wrapper.cfbundle; includeInIndex = 0; path = TandemEMTUITests.xctest; sourceTree = BUILT_PRODUCTS_DIR; };
/* End PBXFileReference section */

/* Begin PBXFrameworksBuildPhase section */
		A70000010000000000000001 /* Frameworks */ = {
			isa = PBXFrameworksBuildPhase;
			buildActionMask = 2147483647;
			files = (
			);
			runOnlyForDeploymentPostprocessing = 0;
		};
		A70000010000000000000002 /* Frameworks */ = {
			isa = PBXFrameworksBuildPhase;
			buildActionMask = 2147483647;
			files = (
			);
			runOnlyForDeploymentPostprocessing = 0;
		};
		A70000010000000000000003 /* Frameworks */ = {
			isa = PBXFrameworksBuildPhase;
			buildActionMask = 2147483647;
			files = (
			);
			runOnlyForDeploymentPostprocessing = 0;
		};
/* End PBXFrameworksBuildPhase section */

/* Begin PBXGroup section */
		A80000010000000000000001 /* = mainGroup */ = {
			isa = PBXGroup;
			children = (
				A80000010000000000000002 /* TandemEMT */,
				A80000010000000000000010 /* TandemEMTTests */,
				A80000010000000000000020 /* TandemEMTUITests */,
				A80000010000000000000099 /* Products */,
			);
			sourceTree = "<group>";
		};
		A80000010000000000000099 /* Products */ = {
			isa = PBXGroup;
			children = (
				A60000010000000000000001 /* TandemEMT.app */,
				A60000010000000000000002 /* TandemEMTTests.xctest */,
				A60000010000000000000003 /* TandemEMTUITests.xctest */,
			);
			name = Products;
			sourceTree = "<group>";
		};
		A80000010000000000000002 /* TandemEMT */ = {
			isa = PBXGroup;
			children = (
				A80000010000000000000003 /* App */,
				A80000010000000000000004 /* Core */,
				A80000010000000000000009 /* Features */,
				A80000010000000000000008 /* Resources */,
			);
			path = TandemEMT;
			sourceTree = "<group>";
		};
		A80000010000000000000003 /* App */ = {
			isa = PBXGroup;
			children = (
				A20000010000000000000001 /* TandemEMTApp.swift */,
				A20000010000000000000002 /* ContentView.swift */,
			);
			path = App;
			sourceTree = "<group>";
		};
		A80000010000000000000004 /* Core */ = {
			isa = PBXGroup;
			children = (
				A80000010000000000000005 /* Navigation */,
				A80000010000000000000006 /* Networking */,
				A80000010000000000000030 /* Models */,
				A80000010000000000000031 /* Extensions */,
				A80000010000000000000032 /* Theme */,
			);
			path = Core;
			sourceTree = "<group>";
		};
		A80000010000000000000032 /* Theme */ = {
			isa = PBXGroup;
			children = (
				A20000010000000000000107 /* AppColors.swift */,
			);
			path = Theme;
			sourceTree = "<group>";
		};
		A80000010000000000000005 /* Navigation */ = {
			isa = PBXGroup;
			children = (
				A20000010000000000000003 /* AppRouter.swift */,
			);
			path = Navigation;
			sourceTree = "<group>";
		};
		A80000010000000000000006 /* Networking */ = {
			isa = PBXGroup;
			children = (
				A20000010000000000000004 /* APIClient.swift */,
			);
			path = Networking;
			sourceTree = "<group>";
		};
		A80000010000000000000030 /* Models */ = {
			isa = PBXGroup;
			children = (
			);
			path = Models;
			sourceTree = "<group>";
		};
		A80000010000000000000031 /* Extensions */ = {
			isa = PBXGroup;
			children = (
			);
			path = Extensions;
			sourceTree = "<group>";
		};
		A80000010000000000000009 /* Features */ = {
			isa = PBXGroup;
			children = (
				A80000010000000000000040 /* IncidentList */,
			);
			path = Features;
			sourceTree = "<group>";
		};
		A80000010000000000000040 /* IncidentList */ = {
			isa = PBXGroup;
			children = (
				A80000010000000000000041 /* Models */,
				A80000010000000000000042 /* ViewModels */,
				A80000010000000000000043 /* Views */,
				A20000010000000000000102 /* IncidentRepository.swift */,
			);
			path = IncidentList;
			sourceTree = "<group>";
		};
		A80000010000000000000041 /* Models */ = {
			isa = PBXGroup;
			children = (
				A20000010000000000000101 /* IncidentModels.swift */,
			);
			path = Models;
			sourceTree = "<group>";
		};
		A80000010000000000000042 /* ViewModels */ = {
			isa = PBXGroup;
			children = (
				A20000010000000000000103 /* IncidentListViewModel.swift */,
			);
			path = ViewModels;
			sourceTree = "<group>";
		};
		A80000010000000000000043 /* Views */ = {
			isa = PBXGroup;
			children = (
				A20000010000000000000104 /* FilterChipView.swift */,
				A20000010000000000000105 /* IncidentCardView.swift */,
				A20000010000000000000106 /* IncidentListView.swift */,
			);
			path = Views;
			sourceTree = "<group>";
		};
		A80000010000000000000008 /* Resources */ = {
			isa = PBXGroup;
			children = (
				A20000010000000000000005 /* Assets.xcassets */,
				A20000010000000000000006 /* Info.plist */,
			);
			path = Resources;
			sourceTree = "<group>";
		};
		A80000010000000000000010 /* TandemEMTTests */ = {
			isa = PBXGroup;
			children = (
				A20000010000000000000010 /* TandemEMTTests.swift */,
				A20000010000000000000011 /* Info.plist */,
				A80000010000000000000050 /* IncidentListTests */,
			);
			path = TandemEMTTests;
			sourceTree = "<group>";
		};
		A80000010000000000000050 /* IncidentListTests */ = {
			isa = PBXGroup;
			children = (
				A20000010000000000000110 /* IncidentListViewModelTests.swift */,
			);
			path = IncidentListTests;
			sourceTree = "<group>";
		};
		A80000010000000000000020 /* TandemEMTUITests */ = {
			isa = PBXGroup;
			children = (
				A20000010000000000000020 /* TandemEMTUITests.swift */,
				A20000010000000000000021 /* Info.plist */,
				A20000010000000000000120 /* IncidentListUITests.swift */,
			);
			path = TandemEMTUITests;
			sourceTree = "<group>";
		};
/* End PBXGroup section */

/* Begin PBXNativeTarget section */
		A50000010000000000000001 /* TandemEMT */ = {
			isa = PBXNativeTarget;
			buildConfigurationList = A90000010000000000000001 /* Build configuration list for PBXNativeTarget "TandemEMT" */;
			buildPhases = (
				AB0000010000000000000001 /* Sources */,
				A70000010000000000000001 /* Frameworks */,
				AC0000010000000000000001 /* Resources */,
			);
			buildRules = (
			);
			dependencies = (
			);
			name = TandemEMT;
			productName = TandemEMT;
			productReference = A60000010000000000000001 /* TandemEMT.app */;
			productType = "com.apple.product-type.application";
		};
		A50000010000000000000002 /* TandemEMTTests */ = {
			isa = PBXNativeTarget;
			buildConfigurationList = A90000010000000000000002 /* Build configuration list for PBXNativeTarget "TandemEMTTests" */;
			buildPhases = (
				AB0000010000000000000002 /* Sources */,
				A70000010000000000000002 /* Frameworks */,
			);
			buildRules = (
			);
			dependencies = (
				AD0000010000000000000001 /* PBXTargetDependency */,
			);
			name = TandemEMTTests;
			productName = TandemEMTTests;
			productReference = A60000010000000000000002 /* TandemEMTTests.xctest */;
			productType = "com.apple.product-type.bundle.unit-test";
		};
		A50000010000000000000003 /* TandemEMTUITests */ = {
			isa = PBXNativeTarget;
			buildConfigurationList = A90000010000000000000003 /* Build configuration list for PBXNativeTarget "TandemEMTUITests" */;
			buildPhases = (
				AB0000010000000000000003 /* Sources */,
				A70000010000000000000003 /* Frameworks */,
			);
			buildRules = (
			);
			dependencies = (
				AD0000010000000000000002 /* PBXTargetDependency */,
			);
			name = TandemEMTUITests;
			productName = TandemEMTUITests;
			productReference = A60000010000000000000003 /* TandemEMTUITests.xctest */;
			productType = "com.apple.product-type.bundle.ui-testing";
		};
/* End PBXNativeTarget section */

/* Begin PBXProject section */
		A40000010000000000000001 /* Project object */ = {
			isa = PBXProject;
			attributes = {
				BuildIndependentTargetsInParallel = 1;
				LastSwiftUpdateCheck = 1500;
				LastUpgradeCheck = 1500;
				TargetAttributes = {
					A50000010000000000000001 = {
						CreatedOnToolsVersion = 15.0;
					};
					A50000010000000000000002 = {
						CreatedOnToolsVersion = 15.0;
						TestTargetID = A50000010000000000000001;
					};
					A50000010000000000000003 = {
						CreatedOnToolsVersion = 15.0;
						TestTargetID = A50000010000000000000001;
					};
				};
			};
			buildConfigurationList = A90000010000000000000099 /* Build configuration list for PBXProject "TandemEMT" */;
			compatibilityVersion = "Xcode 14.0";
			developmentRegion = en;
			hasScannedForEncodings = 0;
			knownRegions = (
				en,
				Base,
			);
			mainGroup = A80000010000000000000001;
			productRefGroup = A80000010000000000000099 /* Products */;
			projectDirPath = "";
			projectRoot = "";
			targets = (
				A50000010000000000000001 /* TandemEMT */,
				A50000010000000000000002 /* TandemEMTTests */,
				A50000010000000000000003 /* TandemEMTUITests */,
			);
		};
/* End PBXProject section */

/* Begin PBXResourcesBuildPhase section */
		AC0000010000000000000001 /* Resources */ = {
			isa = PBXResourcesBuildPhase;
			buildActionMask = 2147483647;
			files = (
				A10000010000000000000005 /* Assets.xcassets in Resources */,
			);
			runOnlyForDeploymentPostprocessing = 0;
		};
/* End PBXResourcesBuildPhase section */

/* Begin PBXSourcesBuildPhase section */
		AB0000010000000000000001 /* Sources */ = {
			isa = PBXSourcesBuildPhase;
			buildActionMask = 2147483647;
			files = (
				A10000010000000000000001 /* TandemEMTApp.swift in Sources */,
				A10000010000000000000002 /* ContentView.swift in Sources */,
				A10000010000000000000003 /* AppRouter.swift in Sources */,
				A10000010000000000000004 /* APIClient.swift in Sources */,
				A10000010000000000000101 /* IncidentModels.swift in Sources */,
				A10000010000000000000102 /* IncidentRepository.swift in Sources */,
				A10000010000000000000103 /* IncidentListViewModel.swift in Sources */,
				A10000010000000000000104 /* FilterChipView.swift in Sources */,
				A10000010000000000000105 /* IncidentCardView.swift in Sources */,
				A10000010000000000000106 /* IncidentListView.swift in Sources */,
				A10000010000000000000107 /* AppColors.swift in Sources */,
			);
			runOnlyForDeploymentPostprocessing = 0;
		};
		AB0000010000000000000002 /* Sources */ = {
			isa = PBXSourcesBuildPhase;
			buildActionMask = 2147483647;
			files = (
				A10000010000000000000010 /* TandemEMTTests.swift in Sources */,
				A10000010000000000000110 /* IncidentListViewModelTests.swift in Sources */,
			);
			runOnlyForDeploymentPostprocessing = 0;
		};
		AB0000010000000000000003 /* Sources */ = {
			isa = PBXSourcesBuildPhase;
			buildActionMask = 2147483647;
			files = (
				A10000010000000000000020 /* TandemEMTUITests.swift in Sources */,
				A10000010000000000000120 /* IncidentListUITests.swift in Sources */,
			);
			runOnlyForDeploymentPostprocessing = 0;
		};
/* End PBXSourcesBuildPhase section */

/* Begin PBXTargetDependency section */
		AD0000010000000000000001 /* PBXTargetDependency */ = {
			isa = PBXTargetDependency;
			target = A50000010000000000000001 /* TandemEMT */;
			targetProxy = A30000010000000000000001 /* PBXContainerItemProxy */;
		};
		AD0000010000000000000002 /* PBXTargetDependency */ = {
			isa = PBXTargetDependency;
			target = A50000010000000000000001 /* TandemEMT */;
			targetProxy = A30000010000000000000002 /* PBXContainerItemProxy */;
		};
/* End PBXTargetDependency section */

/* Begin XCBuildConfiguration section */
		AE0000010000000000000001 /* Debug */ = {
			isa = XCBuildConfiguration;
			buildSettings = {
				ALWAYS_SEARCH_USER_PATHS = NO;
				ASSETCATALOG_COMPILER_GENERATE_SWIFT_ASSET_SYMBOL_EXTENSIONS = YES;
				CLANG_ANALYZER_NONNULL = YES;
				CLANG_ANALYZER_NUMBER_OBJECT_CONVERSION = YES_AGGRESSIVE;
				CLANG_CXX_LANGUAGE_STANDARD = "gnu++20";
				CLANG_ENABLE_MODULES = YES;
				CLANG_ENABLE_OBJC_ARC = YES;
				CLANG_ENABLE_OBJC_WEAK = YES;
				CLANG_WARN_BLOCK_CAPTURE_AUTORELEASING = YES;
				CLANG_WARN_BOOL_CONVERSION = YES;
				CLANG_WARN_COMMA = YES;
				CLANG_WARN_CONSTANT_CONVERSION = YES;
				CLANG_WARN_DEPRECATED_OBJC_IMPLEMENTATIONS = YES;
				CLANG_WARN_DIRECT_OBJC_ISA_USAGE = YES_ERROR;
				CLANG_WARN_DOCUMENTATION_COMMENTS = YES;
				CLANG_WARN_EMPTY_BODY = YES;
				CLANG_WARN_ENUM_CONVERSION = YES;
				CLANG_WARN_INFINITE_RECURSION = YES;
				CLANG_WARN_INT_CONVERSION = YES;
				CLANG_WARN_NON_LITERAL_NULL_CONVERSION = YES;
				CLANG_WARN_OBJC_IMPLICIT_RETAIN_SELF = YES;
				CLANG_WARN_OBJC_LITERAL_CONVERSION = YES;
				CLANG_WARN_OBJC_ROOT_CLASS = YES_ERROR;
				CLANG_WARN_QUOTED_INCLUDE_IN_FRAMEWORK_HEADER = YES;
				CLANG_WARN_RANGE_LOOP_ANALYSIS = YES;
				CLANG_WARN_STRICT_PROTOTYPES = YES;
				CLANG_WARN_SUSPICIOUS_MOVE = YES;
				CLANG_WARN_UNGUARDED_AVAILABILITY = YES_AGGRESSIVE;
				CLANG_WARN_UNREACHABLE_CODE = YES;
				CLANG_WARN__DUPLICATE_METHOD_MATCH = YES;
				COPY_PHASE_STRIP = NO;
				DEBUG_INFORMATION_FORMAT = dwarf;
				ENABLE_STRICT_OBJC_MSGSEND = YES;
				ENABLE_TESTABILITY = YES;
				ENABLE_USER_SCRIPT_SANDBOXING = YES;
				GCC_C_LANGUAGE_STANDARD = gnu17;
				GCC_DYNAMIC_NO_PIC = NO;
				GCC_NO_COMMON_BLOCKS = YES;
				GCC_OPTIMIZATION_LEVEL = 0;
				GCC_PREPROCESSOR_DEFINITIONS = (
					"DEBUG=1",
					"$(inherited)",
				);
				GCC_WARN_64_TO_32_BIT_CONVERSION = YES;
				GCC_WARN_ABOUT_RETURN_TYPE = YES_ERROR;
				GCC_WARN_UNDECLARED_SELECTOR = YES;
				GCC_WARN_UNINITIALIZED_AUTOS = YES_AGGRESSIVE;
				GCC_WARN_UNUSED_FUNCTION = YES;
				GCC_WARN_UNUSED_VARIABLE = YES;
				IPHONEOS_DEPLOYMENT_TARGET = 17.0;
				LOCALIZATION_PREFERS_STRING_CATALOGS = YES;
				MTL_ENABLE_DEBUG_INFO = INCLUDE_SOURCE;
				MTL_FAST_MATH = YES;
				ONLY_ACTIVE_ARCH = YES;
				SDKROOT = iphoneos;
				SWIFT_ACTIVE_COMPILATION_CONDITIONS = "DEBUG $(inherited)";
				SWIFT_OPTIMIZATION_LEVEL = "-Onone";
				SWIFT_VERSION = 5.0;
			};
			name = Debug;
		};
		AE0000010000000000000002 /* Release */ = {
			isa = XCBuildConfiguration;
			buildSettings = {
				ALWAYS_SEARCH_USER_PATHS = NO;
				ASSETCATALOG_COMPILER_GENERATE_SWIFT_ASSET_SYMBOL_EXTENSIONS = YES;
				CLANG_ANALYZER_NONNULL = YES;
				CLANG_ANALYZER_NUMBER_OBJECT_CONVERSION = YES_AGGRESSIVE;
				CLANG_CXX_LANGUAGE_STANDARD = "gnu++20";
				CLANG_ENABLE_MODULES = YES;
				CLANG_ENABLE_OBJC_ARC = YES;
				CLANG_ENABLE_OBJC_WEAK = YES;
				CLANG_WARN_BLOCK_CAPTURE_AUTORELEASING = YES;
				CLANG_WARN_BOOL_CONVERSION = YES;
				CLANG_WARN_COMMA = YES;
				CLANG_WARN_CONSTANT_CONVERSION = YES;
				CLANG_WARN_DEPRECATED_OBJC_IMPLEMENTATIONS = YES;
				CLANG_WARN_DIRECT_OBJC_ISA_USAGE = YES_ERROR;
				CLANG_WARN_DOCUMENTATION_COMMENTS = YES;
				CLANG_WARN_EMPTY_BODY = YES;
				CLANG_WARN_ENUM_CONVERSION = YES;
				CLANG_WARN_INFINITE_RECURSION = YES;
				CLANG_WARN_INT_CONVERSION = YES;
				CLANG_WARN_NON_LITERAL_NULL_CONVERSION = YES;
				CLANG_WARN_OBJC_IMPLICIT_RETAIN_SELF = YES;
				CLANG_WARN_OBJC_LITERAL_CONVERSION = YES;
				CLANG_WARN_OBJC_ROOT_CLASS = YES_ERROR;
				CLANG_WARN_QUOTED_INCLUDE_IN_FRAMEWORK_HEADER = YES;
				CLANG_WARN_RANGE_LOOP_ANALYSIS = YES;
				CLANG_WARN_STRICT_PROTOTYPES = YES;
				CLANG_WARN_SUSPICIOUS_MOVE = YES;
				CLANG_WARN_UNGUARDED_AVAILABILITY = YES_AGGRESSIVE;
				CLANG_WARN_UNREACHABLE_CODE = YES;
				CLANG_WARN__DUPLICATE_METHOD_MATCH = YES;
				COPY_PHASE_STRIP = NO;
				DEBUG_INFORMATION_FORMAT = "dwarf-with-dsym";
				ENABLE_NS_ASSERTIONS = NO;
				ENABLE_STRICT_OBJC_MSGSEND = YES;
				ENABLE_USER_SCRIPT_SANDBOXING = YES;
				GCC_C_LANGUAGE_STANDARD = gnu17;
				GCC_NO_COMMON_BLOCKS = YES;
				GCC_WARN_64_TO_32_BIT_CONVERSION = YES;
				GCC_WARN_ABOUT_RETURN_TYPE = YES_ERROR;
				GCC_WARN_UNDECLARED_SELECTOR = YES;
				GCC_WARN_UNINITIALIZED_AUTOS = YES_AGGRESSIVE;
				GCC_WARN_UNUSED_FUNCTION = YES;
				GCC_WARN_UNUSED_VARIABLE = YES;
				IPHONEOS_DEPLOYMENT_TARGET = 17.0;
				LOCALIZATION_PREFERS_STRING_CATALOGS = YES;
				MTL_ENABLE_DEBUG_INFO = NO;
				MTL_FAST_MATH = YES;
				SDKROOT = iphoneos;
				SWIFT_COMPILATION_MODE = wholemodule;
				SWIFT_VERSION = 5.0;
				VALIDATE_PRODUCT = YES;
			};
			name = Release;
		};
		AF0000010000000000000001 /* Debug */ = {
			isa = XCBuildConfiguration;
			buildSettings = {
				ASSETCATALOG_COMPILER_APPICON_NAME = AppIcon;
				ASSETCATALOG_COMPILER_GLOBAL_ACCENT_COLOR_NAME = AccentColor;
				CODE_SIGN_STYLE = Automatic;
				CURRENT_PROJECT_VERSION = 1;
				DEVELOPMENT_ASSET_PATHS = "";
				ENABLE_PREVIEWS = YES;
				GENERATE_INFOPLIST_FILE = NO;
				INFOPLIST_FILE = TandemEMT/Resources/Info.plist;
				INFOPLIST_KEY_UIApplicationSceneManifest_Generation = YES;
				INFOPLIST_KEY_UIApplicationSupportsIndirectInputEvents = YES;
				INFOPLIST_KEY_UILaunchScreen_Generation = YES;
				INFOPLIST_KEY_UISupportedInterfaceOrientations_iPad = "UIInterfaceOrientationPortrait UIInterfaceOrientationPortraitUpsideDown UIInterfaceOrientationLandscapeLeft UIInterfaceOrientationLandscapeRight";
				INFOPLIST_KEY_UISupportedInterfaceOrientations_iPhone = "UIInterfaceOrientationPortrait UIInterfaceOrientationLandscapeLeft UIInterfaceOrientationLandscapeRight";
				LD_RUNPATH_SEARCH_PATHS = (
					"$(inherited)",
					"@executable_path/Frameworks",
				);
				MARKETING_VERSION = 1.0;
				PRODUCT_BUNDLE_IDENTIFIER = com.tandem.emt;
				PRODUCT_NAME = "$(TARGET_NAME)";
				SWIFT_EMIT_LOC_STRINGS = YES;
				SWIFT_VERSION = 5.0;
				TARGETED_DEVICE_FAMILY = "1,2";
			};
			name = Debug;
		};
		AF0000010000000000000002 /* Release */ = {
			isa = XCBuildConfiguration;
			buildSettings = {
				ASSETCATALOG_COMPILER_APPICON_NAME = AppIcon;
				ASSETCATALOG_COMPILER_GLOBAL_ACCENT_COLOR_NAME = AccentColor;
				CODE_SIGN_STYLE = Automatic;
				CURRENT_PROJECT_VERSION = 1;
				DEVELOPMENT_ASSET_PATHS = "";
				ENABLE_PREVIEWS = YES;
				GENERATE_INFOPLIST_FILE = NO;
				INFOPLIST_FILE = TandemEMT/Resources/Info.plist;
				INFOPLIST_KEY_UIApplicationSceneManifest_Generation = YES;
				INFOPLIST_KEY_UIApplicationSupportsIndirectInputEvents = YES;
				INFOPLIST_KEY_UILaunchScreen_Generation = YES;
				INFOPLIST_KEY_UISupportedInterfaceOrientations_iPad = "UIInterfaceOrientationPortrait UIInterfaceOrientationPortraitUpsideDown UIInterfaceOrientationLandscapeLeft UIInterfaceOrientationLandscapeRight";
				INFOPLIST_KEY_UISupportedInterfaceOrientations_iPhone = "UIInterfaceOrientationPortrait UIInterfaceOrientationLandscapeLeft UIInterfaceOrientationLandscapeRight";
				LD_RUNPATH_SEARCH_PATHS = (
					"$(inherited)",
					"@executable_path/Frameworks",
				);
				MARKETING_VERSION = 1.0;
				PRODUCT_BUNDLE_IDENTIFIER = com.tandem.emt;
				PRODUCT_NAME = "$(TARGET_NAME)";
				SWIFT_EMIT_LOC_STRINGS = YES;
				SWIFT_VERSION = 5.0;
				TARGETED_DEVICE_FAMILY = "1,2";
			};
			name = Release;
		};
		AF0000010000000000000011 /* Debug */ = {
			isa = XCBuildConfiguration;
			buildSettings = {
				BUNDLE_LOADER = "$(TEST_HOST)";
				CODE_SIGN_STYLE = Automatic;
				CURRENT_PROJECT_VERSION = 1;
				GENERATE_INFOPLIST_FILE = NO;
				INFOPLIST_FILE = TandemEMTTests/Info.plist;
				IPHONEOS_DEPLOYMENT_TARGET = 17.0;
				LD_RUNPATH_SEARCH_PATHS = (
					"$(inherited)",
					"@executable_path/Frameworks",
					"@loader_path/Frameworks",
				);
				MARKETING_VERSION = 1.0;
				PRODUCT_BUNDLE_IDENTIFIER = com.tandem.emt.tests;
				PRODUCT_NAME = "$(TARGET_NAME)";
				SWIFT_EMIT_LOC_STRINGS = NO;
				SWIFT_VERSION = 5.0;
				TARGETED_DEVICE_FAMILY = "1,2";
				TEST_HOST = "$(BUILT_PRODUCTS_DIR)/TandemEMT.app/$(BUNDLE_EXECUTABLE_FOLDER_PATH)/TandemEMT";
			};
			name = Debug;
		};
		AF0000010000000000000012 /* Release */ = {
			isa = XCBuildConfiguration;
			buildSettings = {
				BUNDLE_LOADER = "$(TEST_HOST)";
				CODE_SIGN_STYLE = Automatic;
				CURRENT_PROJECT_VERSION = 1;
				GENERATE_INFOPLIST_FILE = NO;
				INFOPLIST_FILE = TandemEMTTests/Info.plist;
				IPHONEOS_DEPLOYMENT_TARGET = 17.0;
				LD_RUNPATH_SEARCH_PATHS = (
					"$(inherited)",
					"@executable_path/Frameworks",
					"@loader_path/Frameworks",
				);
				MARKETING_VERSION = 1.0;
				PRODUCT_BUNDLE_IDENTIFIER = com.tandem.emt.tests;
				PRODUCT_NAME = "$(TARGET_NAME)";
				SWIFT_EMIT_LOC_STRINGS = NO;
				SWIFT_VERSION = 5.0;
				TARGETED_DEVICE_FAMILY = "1,2";
				TEST_HOST = "$(BUILT_PRODUCTS_DIR)/TandemEMT.app/$(BUNDLE_EXECUTABLE_FOLDER_PATH)/TandemEMT";
			};
			name = Release;
		};
		AF0000010000000000000021 /* Debug */ = {
			isa = XCBuildConfiguration;
			buildSettings = {
				CODE_SIGN_STYLE = Automatic;
				CURRENT_PROJECT_VERSION = 1;
				GENERATE_INFOPLIST_FILE = NO;
				INFOPLIST_FILE = TandemEMTUITests/Info.plist;
				IPHONEOS_DEPLOYMENT_TARGET = 17.0;
				LD_RUNPATH_SEARCH_PATHS = (
					"$(inherited)",
					"@executable_path/Frameworks",
					"@loader_path/Frameworks",
				);
				MARKETING_VERSION = 1.0;
				PRODUCT_BUNDLE_IDENTIFIER = com.tandem.emt.uitests;
				PRODUCT_NAME = "$(TARGET_NAME)";
				SWIFT_EMIT_LOC_STRINGS = NO;
				SWIFT_VERSION = 5.0;
				TARGETED_DEVICE_FAMILY = "1,2";
				TEST_TARGET_NAME = TandemEMT;
			};
			name = Debug;
		};
		AF0000010000000000000022 /* Release */ = {
			isa = XCBuildConfiguration;
			buildSettings = {
				CODE_SIGN_STYLE = Automatic;
				CURRENT_PROJECT_VERSION = 1;
				GENERATE_INFOPLIST_FILE = NO;
				INFOPLIST_FILE = TandemEMTUITests/Info.plist;
				IPHONEOS_DEPLOYMENT_TARGET = 17.0;
				LD_RUNPATH_SEARCH_PATHS = (
					"$(inherited)",
					"@executable_path/Frameworks",
					"@loader_path/Frameworks",
				);
				MARKETING_VERSION = 1.0;
				PRODUCT_BUNDLE_IDENTIFIER = com.tandem.emt.uitests;
				PRODUCT_NAME = "$(TARGET_NAME)";
				SWIFT_EMIT_LOC_STRINGS = NO;
				SWIFT_VERSION = 5.0;
				TARGETED_DEVICE_FAMILY = "1,2";
				TEST_TARGET_NAME = TandemEMT;
			};
			name = Release;
		};
/* End XCBuildConfiguration section */

/* Begin XCConfigurationList section */
		A90000010000000000000099 /* Build configuration list for PBXProject "TandemEMT" */ = {
			isa = XCConfigurationList;
			buildConfigurations = (
				AE0000010000000000000001 /* Debug */,
				AE0000010000000000000002 /* Release */,
			);
			defaultConfigurationIsVisible = 0;
			defaultConfigurationName = Release;
		};
		A90000010000000000000001 /* Build configuration list for PBXNativeTarget "TandemEMT" */ = {
			isa = XCConfigurationList;
			buildConfigurations = (
				AF0000010000000000000001 /* Debug */,
				AF0000010000000000000002 /* Release */,
			);
			defaultConfigurationIsVisible = 0;
			defaultConfigurationName = Release;
		};
		A90000010000000000000002 /* Build configuration list for PBXNativeTarget "TandemEMTTests" */ = {
			isa = XCConfigurationList;
			buildConfigurations = (
				AF0000010000000000000011 /* Debug */,
				AF0000010000000000000012 /* Release */,
			);
			defaultConfigurationIsVisible = 0;
			defaultConfigurationName = Release;
		};
		A90000010000000000000003 /* Build configuration list for PBXNativeTarget "TandemEMTUITests" */ = {
			isa = XCConfigurationList;
			buildConfigurations = (
				AF0000010000000000000021 /* Debug */,
				AF0000010000000000000022 /* Release */,
			);
			defaultConfigurationIsVisible = 0;
			defaultConfigurationName = Release;
		};
/* End XCConfigurationList section */
	};
	rootObject = A40000010000000000000001 /* Project object */;
}
